
Microsoft Visual Studio Solution File, Format Version 12.00
# Visual Studio 2012
Project("{FAE04EC0-301F-11D3-BF4B-00C04F79EFBC}") = "BlueMarin.iOS", "BlueMarin.iOS\BlueMarin.iOS.csproj", "{9A840CBD-23D2-4117-91B4-F9086A36E241}"
EndProject
Project("{FAE04EC0-301F-11D3-BF4B-00C04F79EFBC}") = "BlueMarin.Android", "BlueMarin.Android\BlueMarin.Android.csproj", "{9B3D7194-322F-4CD9-8BE7-A6B5A26598C4}"
EndProject
Project("{FAE04EC0-301F-11D3-BF4B-00C04F79EFBC}") = "BlueMarin.PCL", "BlueMarin.PCL\BlueMarin.PCL.csproj", "{B7A248AF-C787-4F9D-BFAD-DF96C64F4E50}"
EndProject
Project("{D954291E-2A0B-460D-934E-DC6B0785DB48}") = "BlueMarin.Shared", "BlueMarin.Shared\BlueMarin.Shared.shproj", "{D157B59A-14DB-471B-93A9-0C21EBA19760}"
EndProject
Project("{FAE04EC0-301F-11D3-BF4B-00C04F79EFBC}") = "BlueMarin.Test", "BlueMarin.Test\BlueMarin.Test.csproj", "{55BBE62F-D498-404E-8A57-2ED659FCDB70}"
EndProject
Global
	GlobalSection(SolutionConfigurationPlatforms) = preSolution
		Debug|Any CPU = Debug|Any CPU
		Release|Any CPU = Release|Any CPU
	EndGlobalSection
	GlobalSection(ProjectConfigurationPlatforms) = postSolution
		{55BBE62F-D498-404E-8A57-2ED659FCDB70}.Debug|Any CPU.ActiveCfg = Debug|Any CPU
		{55BBE62F-D498-404E-8A57-2ED659FCDB70}.Debug|Any CPU.Build.0 = Debug|Any CPU
		{55BBE62F-D498-404E-8A57-2ED659FCDB70}.Release|Any CPU.ActiveCfg = Release|Any CPU
		{55BBE62F-D498-404E-8A57-2ED659FCDB70}.Release|Any CPU.Build.0 = Release|Any CPU
		{9A840CBD-23D2-4117-91B4-F9086A36E241}.Debug|Any CPU.ActiveCfg = Debug|Any CPU
		{9A840CBD-23D2-4117-91B4-F9086A36E241}.Debug|Any CPU.Build.0 = Debug|Any CPU
		{9A840CBD-23D2-4117-91B4-F9086A36E241}.Release|Any CPU.ActiveCfg = Release|Any CPU
		{9A840CBD-23D2-4117-91B4-F9086A36E241}.Release|Any CPU.Build.0 = Release|Any CPU
		{9B3D7194-322F-4CD9-8BE7-A6B5A26598C4}.Debug|Any CPU.ActiveCfg = Debug|Any CPU
		{9B3D7194-322F-4CD9-8BE7-A6B5A26598C4}.Debug|Any CPU.Build.0 = Debug|Any CPU
		{9B3D7194-322F-4CD9-8BE7-A6B5A26598C4}.Release|Any CPU.ActiveCfg = Release|Any CPU
		{9B3D7194-322F-4CD9-8BE7-A6B5A26598C4}.Release|Any CPU.Build.0 = Release|Any CPU
		{B7A248AF-C787-4F9D-BFAD-DF96C64F4E50}.Debug|Any CPU.ActiveCfg = Debug|Any CPU
		{B7A248AF-C787-4F9D-BFAD-DF96C64F4E50}.Debug|Any CPU.Build.0 = Debug|Any CPU
		{B7A248AF-C787-4F9D-BFAD-DF96C64F4E50}.Release|Any CPU.ActiveCfg = Release|Any CPU
		{B7A248AF-C787-4F9D-BFAD-DF96C64F4E50}.Release|Any CPU.Build.0 = Release|Any CPU
	EndGlobalSection
EndGlobal
